// !$*UTF8*$!
{
	archiveVersion = 1;
	classes = {
	};
	objectVersion = 56;
	objects = {

/* Begin PBXBuildFile section */
		665B5BCA2A52C60700AD65C4 /* memesSwiftUIApp.swift in Sources */ = {isa = PBXBuildFile; fileRef = 665B5BC92A52C60700AD65C4 /* memesSwiftUIApp.swift */; };
		665B5BCC2A52C60700AD65C4 /* ContentView.swift in Sources */ = {isa = PBXBuildFile; fileRef = 665B5BCB2A52C60700AD65C4 /* ContentView.swift */; };
		665B5BCE2A52C60800AD65C4 /* Assets.xcassets in Resources */ = {isa = PBXBuildFile; fileRef = 665B5BCD2A52C60800AD65C4 /* Assets.xcassets */; };
		665B5BD12A52C60800AD65C4 /* Preview Assets.xcassets in Resources */ = {isa = PBXBuildFile; fileRef = 665B5BD02A52C60800AD65C4 /* Preview Assets.xcassets */; };
		665B5BDB2A52C60800AD65C4 /* memesSwiftUITests.swift in Sources */ = {isa = PBXBuildFile; fileRef = 665B5BDA2A52C60800AD65C4 /* memesSwiftUITests.swift */; };
		665B5BE52A52C60800AD65C4 /* memesSwiftUIUITests.swift in Sources */ = {isa = PBXBuildFile; fileRef = 665B5BE42A52C60800AD65C4 /* memesSwiftUIUITests.swift */; };
		665B5BE72A52C60800AD65C4 /* memesSwiftUIUITestsLaunchTests.swift in Sources */ = {isa = PBXBuildFile; fileRef = 665B5BE62A52C60800AD65C4 /* memesSwiftUIUITestsLaunchTests.swift */; };
/* End PBXBuildFile section */

/* Begin PBXContainerItemProxy section */
		665B5BD72A52C60800AD65C4 /* PBXContainerItemProxy */ = {
			isa = PBXContainerItemProxy;
			containerPortal = 665B5BBE2A52C60700AD65C4 /* Project object */;
			proxyType = 1;
			remoteGlobalIDString = 665B5BC52A52C60700AD65C4;
			remoteInfo = memesSwiftUI;
		};
		665B5BE12A52C60800AD65C4 /* PBXContainerItemProxy */ = {
			isa = PBXContainerItemProxy;
			containerPortal = 665B5BBE2A52C60700AD65C4 /* Project object */;
			proxyType = 1;
			remoteGlobalIDString = 665B5BC52A52C60700AD65C4;
			remoteInfo = memesSwiftUI;
		};
/* End PBXContainerItemProxy section */

/* Begin PBXFileReference section */
		665B5BC62A52C60700AD65C4 /* memesSwiftUI.app */ = {isa = PBXFileReference; explicitFileType = wrapper.application; includeInIndex = 0; path = memesSwiftUI.app; sourceTree = BUILT_PRODUCTS_DIR; };
		665B5BC92A52C60700AD65C4 /* memesSwiftUIApp.swift */ = {isa = PBXFileReference; lastKnownFileType = sourcecode.swift; path = memesSwiftUIApp.swift; sourceTree = "<group>"; };
		665B5BCB2A52C60700AD65C4 /* ContentView.swift */ = {isa = PBXFileReference; lastKnownFileType = sourcecode.swift; path = ContentView.swift; sourceTree = "<group>"; };
		665B5BCD2A52C60800AD65C4 /* Assets.xcassets */ = {isa = PBXFileReference; lastKnownFileType = folder.assetcatalog; path = Assets.xcassets; sourceTree = "<group>"; };
		665B5BD02A52C60800AD65C4 /* Preview Assets.xcassets */ = {isa = PBXFileReference; lastKnownFileType = folder.assetcatalog; path = "Preview Assets.xcassets"; sourceTree = "<group>"; };
		665B5BD62A52C60800AD65C4 /* memesSwiftUITests.xctest */ = {isa = PBXFileReference; explicitFileType = wrapper.cfbundle; includeInIndex = 0; path = memesSwiftUITests.xctest; sourceTree = BUILT_PRODUCTS_DIR; };
		665B5BDA2A52C60800AD65C4 /* memesSwiftUITests.swift */ = {isa = PBXFileReference; lastKnownFileType = sourcecode.swift; path = memesSwiftUITests.swift; sourceTree = "<group>"; };
		665B5BE02A52C60800AD65C4 /* memesSwiftUIUITests.xctest */ = {isa = PBXFileReference; explicitFileType = wrapper.cfbundle; includeInIndex = 0; path = memesSwiftUIUITests.xctest; sourceTree = BUILT_PRODUCTS_DIR; };
		665B5BE42A52C60800AD65C4 /* memesSwiftUIUITests.swift */ = {isa = PBXFileReference; lastKnownFileType = sourcecode.swift; path = memesSwiftUIUITests.swift; sourceTree = "<group>"; };
		665B5BE62A52C60800AD65C4 /* memesSwiftUIUITestsLaunchTests.swift */ = {isa = PBXFileReference; lastKnownFileType = sourcecode.swift; path = memesSwiftUIUITestsLaunchTests.swift; sourceTree = "<group>"; };
/* End PBXFileReference section */

/* Begin PBXFrameworksBuildPhase section */
		665B5BC32A52C60700AD65C4 /* Frameworks */ = {
			isa = PBXFrameworksBuildPhase;
			buildActionMask = 2147483647;
			files = (
			);
			runOnlyForDeploymentPostprocessing = 0;
		};
		665B5BD32A52C60800AD65C4 /* Frameworks */ = {
			isa = PBXFrameworksBuildPhase;
			buildActionMask = 2147483647;
			files = (
			);
			runOnlyForDeploymentPostprocessing = 0;
		};
		665B5BDD2A52C60800AD65C4 /* Frameworks */ = {
			isa = PBXFrameworksBuildPhase;
			buildActionMask = 2147483647;
			files = (
			);
			runOnlyForDeploymentPostprocessing = 0;
		};
/* End PBXFrameworksBuildPhase section */

/* Begin PBXGroup section */
		665B5BBD2A52C60700AD65C4 = {
			isa = PBXGroup;
			children = (
				665B5BC82A52C60700AD65C4 /* memesSwiftUI */,
				665B5BD92A52C60800AD65C4 /* memesSwiftUITests */,
				665B5BE32A52C60800AD65C4 /* memesSwiftUIUITests */,
				665B5BC72A52C60700AD65C4 /* Products */,
			);
			sourceTree = "<group>";
		};
		665B5BC72A52C60700AD65C4 /* Products */ = {
			isa = PBXGroup;
			children = (
				665B5BC62A52C60700AD65C4 /* memesSwiftUI.app */,
				665B5BD62A52C60800AD65C4 /* memesSwiftUITests.xctest */,
				665B5BE02A52C60800AD65C4 /* memesSwiftUIUITests.xctest */,
			);
			name = Products;
			sourceTree = "<group>";
		};
		665B5BC82A52C60700AD65C4 /* memesSwiftUI */ = {
			isa = PBXGroup;
			children = (
				665B5BC92A52C60700AD65C4 /* memesSwiftUIApp.swift */,
				665B5BCB2A52C60700AD65C4 /* ContentView.swift */,
				665B5BCD2A52C60800AD65C4 /* Assets.xcassets */,
				665B5BCF2A52C60800AD65C4 /* Preview Content */,
			);
			path = memesSwiftUI;
			sourceTree = "<group>";
		};
		665B5BCF2A52C60800AD65C4 /* Preview Content */ = {
			isa = PBXGroup;
			children = (
				665B5BD02A52C60800AD65C4 /* Preview Assets.xcassets */,
			);
			path = "Preview Content";
			sourceTree = "<group>";
		};
		665B5BD92A52C60800AD65C4 /* memesSwiftUITests */ = {
			isa = PBXGroup;
			children = (
				665B5BDA2A52C60800AD65C4 /* memesSwiftUITests.swift */,
			);
			path = memesSwiftUITests;
			sourceTree = "<group>";
		};
		665B5BE32A52C60800AD65C4 /* memesSwiftUIUITests */ = {
			isa = PBXGroup;
			children = (
				665B5BE42A52C60800AD65C4 /* memesSwiftUIUITests.swift */,
				665B5BE62A52C60800AD65C4 /* memesSwiftUIUITestsLaunchTests.swift */,
			);
			path = memesSwiftUIUITests;
			sourceTree = "<group>";
		};
/* End PBXGroup section */

/* Begin PBXNativeTarget section */
		665B5BC52A52C60700AD65C4 /* memesSwiftUI */ = {
			isa = PBXNativeTarget;
			buildConfigurationList = 665B5BEA2A52C60800AD65C4 /* Build configuration list for PBXNativeTarget "memesSwiftUI" */;
			buildPhases = (
				665B5BC22A52C60700AD65C4 /* Sources */,
				665B5BC32A52C60700AD65C4 /* Frameworks */,
				665B5BC42A52C60700AD65C4 /* Resources */,
			);
			buildRules = (
			);
			dependencies = (
			);
			name = memesSwiftUI;
			productName = memesSwiftUI;
			productReference = 665B5BC62A52C60700AD65C4 /* memesSwiftUI.app */;
			productType = "com.apple.product-type.application";
		};
		665B5BD52A52C60800AD65C4 /* memesSwiftUITests */ = {
			isa = PBXNativeTarget;
			buildConfigurationList = 665B5BED2A52C60800AD65C4 /* Build configuration list for PBXNativeTarget "memesSwiftUITests" */;
			buildPhases = (
				665B5BD22A52C60800AD65C4 /* Sources */,
				665B5BD32A52C60800AD65C4 /* Frameworks */,
				665B5BD42A52C60800AD65C4 /* Resources */,
			);
			buildRules = (
			);
			dependencies = (
				665B5BD82A52C60800AD65C4 /* PBXTargetDependency */,
			);
			name = memesSwiftUITests;
			productName = memesSwiftUITests;
			productReference = 665B5BD62A52C60800AD65C4 /* memesSwiftUITests.xctest */;
			productType = "com.apple.product-type.bundle.unit-test";
		};
		665B5BDF2A52C60800AD65C4 /* memesSwiftUIUITests */ = {
			isa = PBXNativeTarget;
			buildConfigurationList = 665B5BF02A52C60800AD65C4 /* Build configuration list for PBXNativeTarget "memesSwiftUIUITests" */;
			buildPhases = (
				665B5BDC2A52C60800AD65C4 /* Sources */,
				665B5BDD2A52C60800AD65C4 /* Frameworks */,
				665B5BDE2A52C60800AD65C4 /* Resources */,
			);
			buildRules = (
			);
			dependencies = (
				665B5BE22A52C60800AD65C4 /* PBXTargetDependency */,
			);
			name = memesSwiftUIUITests;
			productName = memesSwiftUIUITests;
			productReference = 665B5BE02A52C60800AD65C4 /* memesSwiftUIUITests.xctest */;
			productType = "com.apple.product-type.bundle.ui-testing";
		};
/* End PBXNativeTarget section */

/* Begin PBXProject section */
		665B5BBE2A52C60700AD65C4 /* Project object */ = {
			isa = PBXProject;
			attributes = {
				BuildIndependentTargetsInParallel = 1;
				LastSwiftUpdateCheck = 1430;
				LastUpgradeCheck = 1430;
				TargetAttributes = {
					665B5BC52A52C60700AD65C4 = {
						CreatedOnToolsVersion = 14.3;
					};
					665B5BD52A52C60800AD65C4 = {
						CreatedOnToolsVersion = 14.3;
						TestTargetID = 665B5BC52A52C60700AD65C4;
					};
					665B5BDF2A52C60800AD65C4 = {
						CreatedOnToolsVersion = 14.3;
						TestTargetID = 665B5BC52A52C60700AD65C4;
					};
				};
			};
			buildConfigurationList = 665B5BC12A52C60700AD65C4 /* Build configuration list for PBXProject "memesSwiftUI" */;
			compatibilityVersion = "Xcode 14.0";
			developmentRegion = en;
			hasScannedForEncodings = 0;
			knownRegions = (
				en,
				Base,
			);
			mainGroup = 665B5BBD2A52C60700AD65C4;
			productRefGroup = 665B5BC72A52C60700AD65C4 /* Products */;
			projectDirPath = "";
			projectRoot = "";
			targets = (
				665B5BC52A52C60700AD65C4 /* memesSwiftUI */,
				665B5BD52A52C60800AD65C4 /* memesSwiftUITests */,
				665B5BDF2A52C60800AD65C4 /* memesSwiftUIUITests */,
			);
		};
/* End PBXProject section */

/* Begin PBXResourcesBuildPhase section */
		665B5BC42A52C60700AD65C4 /* Resources */ = {
			isa = PBXResourcesBuildPhase;
			buildActionMask = 2147483647;
			files = (
				665B5BD12A52C60800AD65C4 /* Preview Assets.xcassets in Resources */,
				665B5BCE2A52C60800AD65C4 /* Assets.xcassets in Resources */,
			);
			runOnlyForDeploymentPostprocessing = 0;
		};
		665B5BD42A52C60800AD65C4 /* Resources */ = {
			isa = PBXResourcesBuildPhase;
			buildActionMask = 2147483647;
			files = (
			);
			runOnlyForDeploymentPostprocessing = 0;
		};
		665B5BDE2A52C60800AD65C4 /* Resources */ = {
			isa = PBXResourcesBuildPhase;
			buildActionMask = 2147483647;
			files = (
			);
			runOnlyForDeploymentPostprocessing = 0;
		};
/* End PBXResourcesBuildPhase section */

/* Begin PBXSourcesBuildPhase section */
		665B5BC22A52C60700AD65C4 /* Sources */ = {
			isa = PBXSourcesBuildPhase;
			buildActionMask = 2147483647;
			files = (
				665B5BCC2A52C60700AD65C4 /* ContentView.swift in Sources */,
				665B5BCA2A52C60700AD65C4 /* memesSwiftUIApp.swift in Sources */,
			);
			runOnlyForDeploymentPostprocessing = 0;
		};
		665B5BD22A52C60800AD65C4 /* Sources */ = {
			isa = PBXSourcesBuildPhase;
			buildActionMask = 2147483647;
			files = (
				665B5BDB2A52C60800AD65C4 /* memesSwiftUITests.swift in Sources */,
			);
			runOnlyForDeploymentPostprocessing = 0;
		};
		665B5BDC2A52C60800AD65C4 /* Sources */ = {
			isa = PBXSourcesBuildPhase;
			buildActionMask = 2147483647;
			files = (
				665B5BE72A52C60800AD65C4 /* memesSwiftUIUITestsLaunchTests.swift in Sources */,
				665B5BE52A52C60800AD65C4 /* memesSwiftUIUITests.swift in Sources */,
			);
			runOnlyForDeploymentPostprocessing = 0;
		};
/* End PBXSourcesBuildPhase section */

/* Begin PBXTargetDependency section */
		665B5BD82A52C60800AD65C4 /* PBXTargetDependency */ = {
			isa = PBXTargetDependency;
			target = 665B5BC52A52C60700AD65C4 /* memesSwiftUI */;
			targetProxy = 665B5BD72A52C60800AD65C4 /* PBXContainerItemProxy */;
		};
		665B5BE22A52C60800AD65C4 /* PBXTargetDependency */ = {
			isa = PBXTargetDependency;
			target = 665B5BC52A52C60700AD65C4 /* memesSwiftUI */;
			targetProxy = 665B5BE12A52C60800AD65C4 /* PBXContainerItemProxy */;
		};
/* End PBXTargetDependency section */

/* Begin XCBuildConfiguration section */
		665B5BE82A52C60800AD65C4 /* Debug */ = {
			isa = XCBuildConfiguration;
			buildSettings = {
				ALWAYS_SEARCH_USER_PATHS = NO;
				CLANG_ANALYZER_NONNULL = YES;
				CLANG_ANALYZER_NUMBER_OBJECT_CONVERSION = YES_AGGRESSIVE;
				CLANG_CXX_LANGUAGE_STANDARD = "gnu++20";
				CLANG_ENABLE_MODULES = YES;
				CLANG_ENABLE_OBJC_ARC = YES;
				CLANG_ENABLE_OBJC_WEAK = YES;
				CLANG_WARN_BLOCK_CAPTURE_AUTORELEASING = YES;
				CLANG_WARN_BOOL_CONVERSION = YES;
				CLANG_WARN_COMMA = YES;
				CLANG_WARN_CONSTANT_CONVERSION = YES;
				CLANG_WARN_DEPRECATED_OBJC_IMPLEMENTATIONS = YES;
				CLANG_WARN_DIRECT_OBJC_ISA_USAGE = YES_ERROR;
				CLANG_WARN_DOCUMENTATION_COMMENTS = YES;
				CLANG_WARN_EMPTY_BODY = YES;
				CLANG_WARN_ENUM_CONVERSION = YES;
				CLANG_WARN_INFINITE_RECURSION = YES;
				CLANG_WARN_INT_CONVERSION = YES;
				CLANG_WARN_NON_LITERAL_NULL_CONVERSION = YES;
				CLANG_WARN_OBJC_IMPLICIT_RETAIN_SELF = YES;
				CLANG_WARN_OBJC_LITERAL_CONVERSION = YES;
				CLANG_WARN_OBJC_ROOT_CLASS = YES_ERROR;
				CLANG_WARN_QUOTED_INCLUDE_IN_FRAMEWORK_HEADER = YES;
				CLANG_WARN_RANGE_LOOP_ANALYSIS = YES;
				CLANG_WARN_STRICT_PROTOTYPES = YES;
				CLANG_WARN_SUSPICIOUS_MOVE = YES;
				CLANG_WARN_UNGUARDED_AVAILABILITY = YES_AGGRESSIVE;
				CLANG_WARN_UNREACHABLE_CODE = YES;
				CLANG_WARN__DUPLICATE_METHOD_MATCH = YES;
				COPY_PHASE_STRIP = NO;
				DEBUG_INFORMATION_FORMAT = dwarf;
				ENABLE_STRICT_OBJC_MSGSEND = YES;
				ENABLE_TESTABILITY = YES;
				GCC_C_LANGUAGE_STANDARD = gnu11;
				GCC_DYNAMIC_NO_PIC = NO;
				GCC_NO_COMMON_BLOCKS = YES;
				GCC_OPTIMIZATION_LEVEL = 0;
				GCC_PREPROCESSOR_DEFINITIONS = (
					"DEBUG=1",
					"$(inherited)",
				);
				GCC_WARN_64_TO_32_BIT_CONVERSION = YES;
				GCC_WARN_ABOUT_RETURN_TYPE = YES_ERROR;
				GCC_WARN_UNDECLARED_SELECTOR = YES;
				GCC_WARN_UNINITIALIZED_AUTOS = YES_AGGRESSIVE;
				GCC_WARN_UNUSED_FUNCTION = YES;
				GCC_WARN_UNUSED_VARIABLE = YES;
				IPHONEOS_DEPLOYMENT_TARGET = 16.4;
				MTL_ENABLE_DEBUG_INFO = INCLUDE_SOURCE;
				MTL_FAST_MATH = YES;
				ONLY_ACTIVE_ARCH = YES;
				SDKROOT = iphoneos;
				SWIFT_ACTIVE_COMPILATION_CONDITIONS = DEBUG;
				SWIFT_OPTIMIZATION_LEVEL = "-Onone";
			};
			name = Debug;
		};
		665B5BE92A52C60800AD65C4 /* Release */ = {
			isa = XCBuildConfiguration;
			buildSettings = {
				ALWAYS_SEARCH_USER_PATHS = NO;
				CLANG_ANALYZER_NONNULL = YES;
				CLANG_ANALYZER_NUMBER_OBJECT_CONVERSION = YES_AGGRESSIVE;
				CLANG_CXX_LANGUAGE_STANDARD = "gnu++20";
				CLANG_ENABLE_MODULES = YES;
				CLANG_ENABLE_OBJC_ARC = YES;
				CLANG_ENABLE_OBJC_WEAK = YES;
				CLANG_WARN_BLOCK_CAPTURE_AUTORELEASING = YES;
				CLANG_WARN_BOOL_CONVERSION = YES;
				CLANG_WARN_COMMA = YES;
				CLANG_WARN_CONSTANT_CONVERSION = YES;
				CLANG_WARN_DEPRECATED_OBJC_IMPLEMENTATIONS = YES;
				CLANG_WARN_DIRECT_OBJC_ISA_USAGE = YES_ERROR;
				CLANG_WARN_DOCUMENTATION_COMMENTS = YES;
				CLANG_WARN_EMPTY_BODY = YES;
				CLANG_WARN_ENUM_CONVERSION = YES;
				CLANG_WARN_INFINITE_RECURSION = YES;
				CLANG_WARN_INT_CONVERSION = YES;
				CLANG_WARN_NON_LITERAL_NULL_CONVERSION = YES;
				CLANG_WARN_OBJC_IMPLICIT_RETAIN_SELF = YES;
				CLANG_WARN_OBJC_LITERAL_CONVERSION = YES;
				CLANG_WARN_OBJC_ROOT_CLASS = YES_ERROR;
				CLANG_WARN_QUOTED_INCLUDE_IN_FRAMEWORK_HEADER = YES;
				CLANG_WARN_RANGE_LOOP_ANALYSIS = YES;
				CLANG_WARN_STRICT_PROTOTYPES = YES;
				CLANG_WARN_SUSPICIOUS_MOVE = YES;
				CLANG_WARN_UNGUARDED_AVAILABILITY = YES_AGGRESSIVE;
				CLANG_WARN_UNREACHABLE_CODE = YES;
				CLANG_WARN__DUPLICATE_METHOD_MATCH = YES;
				COPY_PHASE_STRIP = NO;
				DEBUG_INFORMATION_FORMAT = "dwarf-with-dsym";
				ENABLE_NS_ASSERTIONS = NO;
				ENABLE_STRICT_OBJC_MSGSEND = YES;
				GCC_C_LANGUAGE_STANDARD = gnu11;
				GCC_NO_COMMON_BLOCKS = YES;
				GCC_WARN_64_TO_32_BIT_CONVERSION = YES;
				GCC_WARN_ABOUT_RETURN_TYPE = YES_ERROR;
				GCC_WARN_UNDECLARED_SELECTOR = YES;
				GCC_WARN_UNINITIALIZED_AUTOS = YES_AGGRESSIVE;
				GCC_WARN_UNUSED_FUNCTION = YES;
				GCC_WARN_UNUSED_VARIABLE = YES;
				IPHONEOS_DEPLOYMENT_TARGET = 16.4;
				MTL_ENABLE_DEBUG_INFO = NO;
				MTL_FAST_MATH = YES;
				SDKROOT = iphoneos;
				SWIFT_COMPILATION_MODE = wholemodule;
				SWIFT_OPTIMIZATION_LEVEL = "-O";
				VALIDATE_PRODUCT = YES;
			};
			name = Release;
		};
		665B5BEB2A52C60800AD65C4 /* Debug */ = {
			isa = XCBuildConfiguration;
			buildSettings = {
				ASSETCATALOG_COMPILER_APPICON_NAME = AppIcon;
				ASSETCATALOG_COMPILER_GLOBAL_ACCENT_COLOR_NAME = AccentColor;
				CODE_SIGN_STYLE = Automatic;
				CURRENT_PROJECT_VERSION = 1;
				DEVELOPMENT_ASSET_PATHS = "\"memesSwiftUI/Preview Content\"";
				DEVELOPMENT_TEAM = B267974TT7;
				ENABLE_PREVIEWS = YES;
				GENERATE_INFOPLIST_FILE = YES;
				INFOPLIST_KEY_UIApplicationSceneManifest_Generation = YES;
				INFOPLIST_KEY_UIApplicationSupportsIndirectInputEvents = YES;
				INFOPLIST_KEY_UILaunchScreen_Generation = YES;
				INFOPLIST_KEY_UISupportedInterfaceOrientations_iPad = "UIInterfaceOrientationPortrait UIInterfaceOrientationPortraitUpsideDown UIInterfaceOrientationLandscapeLeft UIInterfaceOrientationLandscapeRight";
				INFOPLIST_KEY_UISupportedInterfaceOrientations_iPhone = "UIInterfaceOrientationPortrait UIInterfaceOrientationLandscapeLeft UIInterfaceOrientationLandscapeRight";
				LD_RUNPATH_SEARCH_PATHS = (
					"$(inherited)",
					"@executable_path/Frameworks",
				);
				MARKETING_VERSION = 1.0;
				PRODUCT_BUNDLE_IDENTIFIER = com.metehangurgentepe.memesSwiftUI;
				PRODUCT_NAME = "$(TARGET_NAME)";
				SWIFT_EMIT_LOC_STRINGS = YES;
				SWIFT_VERSION = 5.0;
				TARGETED_DEVICE_FAMILY = "1,2";
			};
			name = Debug;
		};
		665B5BEC2A52C60800AD65C4 /* Release */ = {
			isa = XCBuildConfiguration;
			buildSettings = {
				ASSETCATALOG_COMPILER_APPICON_NAME = AppIcon;
				ASSETCATALOG_COMPILER_GLOBAL_ACCENT_COLOR_NAME = AccentColor;
				CODE_SIGN_STYLE = Automatic;
				CURRENT_PROJECT_VERSION = 1;
				DEVELOPMENT_ASSET_PATHS = "\"memesSwiftUI/Preview Content\"";
				DEVELOPMENT_TEAM = B267974TT7;
				ENABLE_PREVIEWS = YES;
				GENERATE_INFOPLIST_FILE = YES;
				INFOPLIST_KEY_UIApplicationSceneManifest_Generation = YES;
				INFOPLIST_KEY_UIApplicationSupportsIndirectInputEvents = YES;
				INFOPLIST_KEY_UILaunchScreen_Generation = YES;
				INFOPLIST_KEY_UISupportedInterfaceOrientations_iPad = "UIInterfaceOrientationPortrait UIInterfaceOrientationPortraitUpsideDown UIInterfaceOrientationLandscapeLeft UIInterfaceOrientationLandscapeRight";
				INFOPLIST_KEY_UISupportedInterfaceOrientations_iPhone = "UIInterfaceOrientationPortrait UIInterfaceOrientationLandscapeLeft UIInterfaceOrientationLandscapeRight";
				LD_RUNPATH_SEARCH_PATHS = (
					"$(inherited)",
					"@executable_path/Frameworks",
				);
				MARKETING_VERSION = 1.0;
				PRODUCT_BUNDLE_IDENTIFIER = com.metehangurgentepe.memesSwiftUI;
				PRODUCT_NAME = "$(TARGET_NAME)";
				SWIFT_EMIT_LOC_STRINGS = YES;
				SWIFT_VERSION = 5.0;
				TARGETED_DEVICE_FAMILY = "1,2";
			};
			name = Release;
		};
		665B5BEE2A52C60800AD65C4 /* Debug */ = {
			isa = XCBuildConfiguration;
			buildSettings = {
				ALWAYS_EMBED_SWIFT_STANDARD_LIBRARIES = YES;
				BUNDLE_LOADER = "$(TEST_HOST)";
				CODE_SIGN_STYLE = Automatic;
				CURRENT_PROJECT_VERSION = 1;
				DEVELOPMENT_TEAM = B267974TT7;
				GENERATE_INFOPLIST_FILE = YES;
				IPHONEOS_DEPLOYMENT_TARGET = 16.4;
				MARKETING_VERSION = 1.0;
				PRODUCT_BUNDLE_IDENTIFIER = com.metehangurgentepe.memesSwiftUITests;
				PRODUCT_NAME = "$(TARGET_NAME)";
				SWIFT_EMIT_LOC_STRINGS = NO;
				SWIFT_VERSION = 5.0;
				TARGETED_DEVICE_FAMILY = "1,2";
				TEST_HOST = "$(BUILT_PRODUCTS_DIR)/memesSwiftUI.app/$(BUNDLE_EXECUTABLE_FOLDER_PATH)/memesSwiftUI";
			};
			name = Debug;
		};
		665B5BEF2A52C60800AD65C4 /* Release */ = {
			isa = XCBuildConfiguration;
			buildSettings = {
				ALWAYS_EMBED_SWIFT_STANDARD_LIBRARIES = YES;
				BUNDLE_LOADER = "$(TEST_HOST)";
				CODE_SIGN_STYLE = Automatic;
				CURRENT_PROJECT_VERSION = 1;
				DEVELOPMENT_TEAM = B267974TT7;
				GENERATE_INFOPLIST_FILE = YES;
				IPHONEOS_DEPLOYMENT_TARGET = 16.4;
				MARKETING_VERSION = 1.0;
				PRODUCT_BUNDLE_IDENTIFIER = com.metehangurgentepe.memesSwiftUITests;
				PRODUCT_NAME = "$(TARGET_NAME)";
				SWIFT_EMIT_LOC_STRINGS = NO;
				SWIFT_VERSION = 5.0;
				TARGETED_DEVICE_FAMILY = "1,2";
				TEST_HOST = "$(BUILT_PRODUCTS_DIR)/memesSwiftUI.app/$(BUNDLE_EXECUTABLE_FOLDER_PATH)/memesSwiftUI";
			};
			name = Release;
		};
		665B5BF12A52C60800AD65C4 /* Debug */ = {
			isa = XCBuildConfiguration;
			buildSettings = {
				ALWAYS_EMBED_SWIFT_STANDARD_LIBRARIES = YES;
				CODE_SIGN_STYLE = Automatic;
				CURRENT_PROJECT_VERSION = 1;
				DEVELOPMENT_TEAM = B267974TT7;
				GENERATE_INFOPLIST_FILE = YES;
				MARKETING_VERSION = 1.0;
				PRODUCT_BUNDLE_IDENTIFIER = com.metehangurgentepe.memesSwiftUIUITests;
				PRODUCT_NAME = "$(TARGET_NAME)";
				SWIFT_EMIT_LOC_STRINGS = NO;
				SWIFT_VERSION = 5.0;
				TARGETED_DEVICE_FAMILY = "1,2";
				TEST_TARGET_NAME = memesSwiftUI;
			};
			name = Debug;
		};
		665B5BF22A52C60800AD65C4 /* Release */ = {
			isa = XCBuildConfiguration;
			buildSettings = {
				ALWAYS_EMBED_SWIFT_STANDARD_LIBRARIES = YES;
				CODE_SIGN_STYLE = Automatic;
				CURRENT_PROJECT_VERSION = 1;
				DEVELOPMENT_TEAM = B267974TT7;
				GENERATE_INFOPLIST_FILE = YES;
				MARKETING_VERSION = 1.0;
				PRODUCT_BUNDLE_IDENTIFIER = com.metehangurgentepe.memesSwiftUIUITests;
				PRODUCT_NAME = "$(TARGET_NAME)";
				SWIFT_EMIT_LOC_STRINGS = NO;
				SWIFT_VERSION = 5.0;
				TARGETED_DEVICE_FAMILY = "1,2";
				TEST_TARGET_NAME = memesSwiftUI;
			};
			name = Release;
		};
/* End XCBuildConfiguration section */

/* Begin XCConfigurationList section */
		665B5BC12A52C60700AD65C4 /* Build configuration list for PBXProject "memesSwiftUI" */ = {
			isa = XCConfigurationList;
			buildConfigurations = (
				665B5BE82A52C60800AD65C4 /* Debug */,
				665B5BE92A52C60800AD65C4 /* Release */,
			);
			defaultConfigurationIsVisible = 0;
			defaultConfigurationName = Release;
		};
		665B5BEA2A52C60800AD65C4 /* Build configuration list for PBXNativeTarget "memesSwiftUI" */ = {
			isa = XCConfigurationList;
			buildConfigurations = (
				665B5BEB2A52C60800AD65C4 /* Debug */,
				665B5BEC2A52C60800AD65C4 /* Release */,
			);
			defaultConfigurationIsVisible = 0;
			defaultConfigurationName = Release;
		};
		665B5BED2A52C60800AD65C4 /* Build configuration list for PBXNativeTarget "memesSwiftUITests" */ = {
			isa = XCConfigurationList;
			buildConfigurations = (
				665B5BEE2A52C60800AD65C4 /* Debug */,
				665B5BEF2A52C60800AD65C4 /* Release */,
			);
			defaultConfigurationIsVisible = 0;
			defaultConfigurationName = Release;
		};
		665B5BF02A52C60800AD65C4 /* Build configuration list for PBXNativeTarget "memesSwiftUIUITests" */ = {
			isa = XCConfigurationList;
			buildConfigurations = (
				665B5BF12A52C60800AD65C4 /* Debug */,
				665B5BF22A52C60800AD65C4 /* Release */,
			);
			defaultConfigurationIsVisible = 0;
			defaultConfigurationName = Release;
		};
/* End XCConfigurationList section */
	};
	rootObject = 665B5BBE2A52C60700AD65C4 /* Project object */;
}
